
Microsoft Visual Studio Solution File, Format Version 12.00
# Visual Studio 15
VisualStudioVersion = 15.0.28307.271
MinimumVisualStudioVersion = 10.0.40219.1
Project("{FAE04EC0-301F-11D3-BF4B-00C04F79EFBC}") = "HRM.WebUI", "HRM.WebUI\HRM.WebUI.csproj", "{D0E78F4A-D4F2-4949-A139-5CC568F0BA46}"
EndProject
Global
	GlobalSection(SolutionConfigurationPlatforms) = preSolution
		Debug|Any CPU = Debug|Any CPU
		Release|Any CPU = Release|Any CPU
	EndGlobalSection
	GlobalSection(ProjectConfigurationPlatforms) = postSolution
		{D0E78F4A-D4F2-4949-A139-5CC568F0BA46}.Debug|Any CPU.ActiveCfg = Debug|Any CPU
		{D0E78F4A-D4F2-4949-A139-5CC568F0BA46}.Debug|Any CPU.Build.0 = Debug|Any CPU
		{D0E78F4A-D4F2-4949-A139-5CC568F0BA46}.Release|Any CPU.ActiveCfg = Release|Any CPU
		{D0E78F4A-D4F2-4949-A139-5CC568F0BA46}.Release|Any CPU.Build.0 = Release|Any CPU
	EndGlobalSection
	GlobalSection(SolutionProperties) = preSolution
		HideSolutionNode = FALSE
	EndGlobalSection
	GlobalSection(ExtensibilityGlobals) = postSolution
		SolutionGuid = {E409C533-069A-4433-AFAE-4DC0E8C1B553}
	EndGlobalSection
EndGlobal
