
Microsoft Visual Studio Solution File, Format Version 12.00
# Visual Studio 15
VisualStudioVersion = 15.0.28307.271
MinimumVisualStudioVersion = 10.0.40219.1
Project("{9A19103F-16F7-4668-BE54-9A1E7A4F7556}") = "HRM.WebUI", "HRM.WebUI\HRM.WebUI.csproj", "{D0E78F4A-D4F2-4949-A139-5CC568F0BA46}"
EndProject
Project("{2150E333-8FDC-42A3-9474-1A3956D46DE8}") = "Presentation", "Presentation", "{B3C002AF-9D74-4C24-9431-163DE1A55E3A}"
EndProject
Project("{2150E333-8FDC-42A3-9474-1A3956D46DE8}") = "Infrastructure", "Infrastructure", "{4301D7A3-280D-405A-B8EB-AF7D62BD4F66}"
EndProject
Project("{2150E333-8FDC-42A3-9474-1A3956D46DE8}") = "Core", "Core", "{06D71A46-9FCE-44BF-AEFA-B062F4F280A2}"
EndProject
Project("{2150E333-8FDC-42A3-9474-1A3956D46DE8}") = "Common", "Common", "{6BE5D1A8-64FB-4D7C-910B-E8D8ADF8D835}"
EndProject
Project("{9A19103F-16F7-4668-BE54-9A1E7A4F7556}") = "HRM.WebAPI", "HRM.WebAPI\HRM.WebAPI.csproj", "{4009DC57-9E77-48E4-AD38-884A61804BCA}"
EndProject
Project("{9A19103F-16F7-4668-BE54-9A1E7A4F7556}") = "HRM.Application", "HRM.Application\HRM.Application.csproj", "{79560BC1-043F-48C7-BDFE-BAE99818444F}"
EndProject
Project("{9A19103F-16F7-4668-BE54-9A1E7A4F7556}") = "HRM.Domain", "HRM.Domain\HRM.Domain.csproj", "{958968BE-5F99-4171-B1BC-58E2B647E6E7}"
EndProject
Project("{9A19103F-16F7-4668-BE54-9A1E7A4F7556}") = "HRM.Infrastructure", "HRM.Infrastructure\HRM.Infrastructure.csproj", "{657856D0-A9C3-4249-A1F0-AF8C61E7FFC3}"
EndProject
Project("{9A19103F-16F7-4668-BE54-9A1E7A4F7556}") = "HRM.Persistence", "HRM.Persistence\HRM.Persistence.csproj", "{03794CC9-A04E-4D72-9BC3-B62BE34257E0}"
EndProject
Project("{9A19103F-16F7-4668-BE54-9A1E7A4F7556}") = "HRM.Common", "HRM.Common\HRM.Common.csproj", "{D6137C0A-79E9-40F4-A823-E8A84D17723D}"
EndProject
Project("{FAE04EC0-301F-11D3-BF4B-00C04F79EFBC}") = "HRM.Infrastructure.IoC", "HRM.Infrastructure.IoC\HRM.Infrastructure.IoC.csproj", "{E8AB8F5A-520E-46F5-81A8-40BFCE0D6B90}"
EndProject
Global
	GlobalSection(SolutionConfigurationPlatforms) = preSolution
		Debug|Any CPU = Debug|Any CPU
		Release|Any CPU = Release|Any CPU
	EndGlobalSection
	GlobalSection(ProjectConfigurationPlatforms) = postSolution
		{D0E78F4A-D4F2-4949-A139-5CC568F0BA46}.Debug|Any CPU.ActiveCfg = Debug|Any CPU
		{D0E78F4A-D4F2-4949-A139-5CC568F0BA46}.Debug|Any CPU.Build.0 = Debug|Any CPU
		{D0E78F4A-D4F2-4949-A139-5CC568F0BA46}.Release|Any CPU.ActiveCfg = Release|Any CPU
		{D0E78F4A-D4F2-4949-A139-5CC568F0BA46}.Release|Any CPU.Build.0 = Release|Any CPU
		{4009DC57-9E77-48E4-AD38-884A61804BCA}.Debug|Any CPU.ActiveCfg = Debug|Any CPU
		{4009DC57-9E77-48E4-AD38-884A61804BCA}.Debug|Any CPU.Build.0 = Debug|Any CPU
		{4009DC57-9E77-48E4-AD38-884A61804BCA}.Release|Any CPU.ActiveCfg = Release|Any CPU
		{4009DC57-9E77-48E4-AD38-884A61804BCA}.Release|Any CPU.Build.0 = Release|Any CPU
		{79560BC1-043F-48C7-BDFE-BAE99818444F}.Debug|Any CPU.ActiveCfg = Debug|Any CPU
		{79560BC1-043F-48C7-BDFE-BAE99818444F}.Debug|Any CPU.Build.0 = Debug|Any CPU
		{79560BC1-043F-48C7-BDFE-BAE99818444F}.Release|Any CPU.ActiveCfg = Release|Any CPU
		{79560BC1-043F-48C7-BDFE-BAE99818444F}.Release|Any CPU.Build.0 = Release|Any CPU
		{958968BE-5F99-4171-B1BC-58E2B647E6E7}.Debug|Any CPU.ActiveCfg = Debug|Any CPU
		{958968BE-5F99-4171-B1BC-58E2B647E6E7}.Debug|Any CPU.Build.0 = Debug|Any CPU
		{958968BE-5F99-4171-B1BC-58E2B647E6E7}.Release|Any CPU.ActiveCfg = Release|Any CPU
		{958968BE-5F99-4171-B1BC-58E2B647E6E7}.Release|Any CPU.Build.0 = Release|Any CPU
		{657856D0-A9C3-4249-A1F0-AF8C61E7FFC3}.Debug|Any CPU.ActiveCfg = Debug|Any CPU
		{657856D0-A9C3-4249-A1F0-AF8C61E7FFC3}.Debug|Any CPU.Build.0 = Debug|Any CPU
		{657856D0-A9C3-4249-A1F0-AF8C61E7FFC3}.Release|Any CPU.ActiveCfg = Release|Any CPU
		{657856D0-A9C3-4249-A1F0-AF8C61E7FFC3}.Release|Any CPU.Build.0 = Release|Any CPU
		{03794CC9-A04E-4D72-9BC3-B62BE34257E0}.Debug|Any CPU.ActiveCfg = Debug|Any CPU
		{03794CC9-A04E-4D72-9BC3-B62BE34257E0}.Debug|Any CPU.Build.0 = Debug|Any CPU
		{03794CC9-A04E-4D72-9BC3-B62BE34257E0}.Release|Any CPU.ActiveCfg = Release|Any CPU
		{03794CC9-A04E-4D72-9BC3-B62BE34257E0}.Release|Any CPU.Build.0 = Release|Any CPU
		{D6137C0A-79E9-40F4-A823-E8A84D17723D}.Debug|Any CPU.ActiveCfg = Debug|Any CPU
		{D6137C0A-79E9-40F4-A823-E8A84D17723D}.Debug|Any CPU.Build.0 = Debug|Any CPU
		{D6137C0A-79E9-40F4-A823-E8A84D17723D}.Release|Any CPU.ActiveCfg = Release|Any CPU
		{D6137C0A-79E9-40F4-A823-E8A84D17723D}.Release|Any CPU.Build.0 = Release|Any CPU
		{E8AB8F5A-520E-46F5-81A8-40BFCE0D6B90}.Debug|Any CPU.ActiveCfg = Debug|Any CPU
		{E8AB8F5A-520E-46F5-81A8-40BFCE0D6B90}.Debug|Any CPU.Build.0 = Debug|Any CPU
		{E8AB8F5A-520E-46F5-81A8-40BFCE0D6B90}.Release|Any CPU.ActiveCfg = Release|Any CPU
		{E8AB8F5A-520E-46F5-81A8-40BFCE0D6B90}.Release|Any CPU.Build.0 = Release|Any CPU
	EndGlobalSection
	GlobalSection(SolutionProperties) = preSolution
		HideSolutionNode = FALSE
	EndGlobalSection
	GlobalSection(NestedProjects) = preSolution
		{D0E78F4A-D4F2-4949-A139-5CC568F0BA46} = {B3C002AF-9D74-4C24-9431-163DE1A55E3A}
		{4009DC57-9E77-48E4-AD38-884A61804BCA} = {B3C002AF-9D74-4C24-9431-163DE1A55E3A}
		{79560BC1-043F-48C7-BDFE-BAE99818444F} = {06D71A46-9FCE-44BF-AEFA-B062F4F280A2}
		{958968BE-5F99-4171-B1BC-58E2B647E6E7} = {06D71A46-9FCE-44BF-AEFA-B062F4F280A2}
		{657856D0-A9C3-4249-A1F0-AF8C61E7FFC3} = {4301D7A3-280D-405A-B8EB-AF7D62BD4F66}
		{03794CC9-A04E-4D72-9BC3-B62BE34257E0} = {4301D7A3-280D-405A-B8EB-AF7D62BD4F66}
		{D6137C0A-79E9-40F4-A823-E8A84D17723D} = {6BE5D1A8-64FB-4D7C-910B-E8D8ADF8D835}
		{E8AB8F5A-520E-46F5-81A8-40BFCE0D6B90} = {4301D7A3-280D-405A-B8EB-AF7D62BD4F66}
	EndGlobalSection
	GlobalSection(ExtensibilityGlobals) = postSolution
		SolutionGuid = {E409C533-069A-4433-AFAE-4DC0E8C1B553}
	EndGlobalSection
EndGlobal
